
Microsoft Visual Studio Solution File, Format Version 12.00
# Visual Studio Version 17
VisualStudioVersion = 17.6.33815.320
MinimumVisualStudioVersion = 10.0.40219.1
Project("{FAE04EC0-301F-11D3-BF4B-00C04F79EFBC}") = "editor", "..\..\Code\tools\desktop_note\editor\editor.csproj", "{AA8AB953-46D6-4EAA-BB97-CADEB1EF4332}"
EndProject
Global
	GlobalSection(SolutionConfigurationPlatforms) = preSolution
		Debug|Any CPU = Debug|Any CPU
		Release|Any CPU = Release|Any CPU
	EndGlobalSection
	GlobalSection(ProjectConfigurationPlatforms) = postSolution
		{AA8AB953-46D6-4EAA-BB97-CADEB1EF4332}.Debug|Any CPU.ActiveCfg = Debug|Any CPU
		{AA8AB953-46D6-4EAA-BB97-CADEB1EF4332}.Debug|Any CPU.Build.0 = Debug|Any CPU
		{AA8AB953-46D6-4EAA-BB97-CADEB1EF4332}.Release|Any CPU.ActiveCfg = Release|Any CPU
		{AA8AB953-46D6-4EAA-BB97-CADEB1EF4332}.Release|Any CPU.Build.0 = Release|Any CPU
	EndGlobalSection
	GlobalSection(SolutionProperties) = preSolution
		HideSolutionNode = FALSE
	EndGlobalSection
	GlobalSection(ExtensibilityGlobals) = postSolution
		SolutionGuid = {5EF2221D-A210-46E3-BB0E-A29305FFA4D9}
	EndGlobalSection
EndGlobal
